
Microsoft Visual Studio Solution File, Format Version 12.00
# Visual Studio Version 16
VisualStudioVersion = 16.0.30503.244
MinimumVisualStudioVersion = 10.0.40219.1
Project("{FAE04EC0-301F-11D3-BF4B-00C04F79EFBC}") = "ShellDuo.Android", "ShellDuo\ShellDuo.Android\ShellDuo.Android.csproj", "{F63CE18D-C5DF-4622-A9F9-D0C592ADB3E1}"
EndProject
Project("{FAE04EC0-301F-11D3-BF4B-00C04F79EFBC}") = "ShellDuo", "ShellDuo\ShellDuo\ShellDuo.csproj", "{11903C93-B81C-4567-8C6F-C72366AA8D61}"
EndProject
Global
	GlobalSection(SolutionConfigurationPlatforms) = preSolution
		Debug|Any CPU = Debug|Any CPU
		Release|Any CPU = Release|Any CPU
	EndGlobalSection
	GlobalSection(ProjectConfigurationPlatforms) = postSolution
		{F63CE18D-C5DF-4622-A9F9-D0C592ADB3E1}.Debug|Any CPU.ActiveCfg = Debug|Any CPU
		{F63CE18D-C5DF-4622-A9F9-D0C592ADB3E1}.Debug|Any CPU.Build.0 = Debug|Any CPU
		{F63CE18D-C5DF-4622-A9F9-D0C592ADB3E1}.Debug|Any CPU.Deploy.0 = Debug|Any CPU
		{F63CE18D-C5DF-4622-A9F9-D0C592ADB3E1}.Release|Any CPU.ActiveCfg = Release|Any CPU
		{F63CE18D-C5DF-4622-A9F9-D0C592ADB3E1}.Release|Any CPU.Build.0 = Release|Any CPU
		{F63CE18D-C5DF-4622-A9F9-D0C592ADB3E1}.Release|Any CPU.Deploy.0 = Release|Any CPU
		{11903C93-B81C-4567-8C6F-C72366AA8D61}.Debug|Any CPU.ActiveCfg = Debug|Any CPU
		{11903C93-B81C-4567-8C6F-C72366AA8D61}.Debug|Any CPU.Build.0 = Debug|Any CPU
		{11903C93-B81C-4567-8C6F-C72366AA8D61}.Debug|Any CPU.Deploy.0 = Debug|Any CPU
		{11903C93-B81C-4567-8C6F-C72366AA8D61}.Release|Any CPU.ActiveCfg = Release|Any CPU
		{11903C93-B81C-4567-8C6F-C72366AA8D61}.Release|Any CPU.Build.0 = Release|Any CPU
		{11903C93-B81C-4567-8C6F-C72366AA8D61}.Release|Any CPU.Deploy.0 = Release|Any CPU
	EndGlobalSection
	GlobalSection(SolutionProperties) = preSolution
		HideSolutionNode = FALSE
	EndGlobalSection
	GlobalSection(ExtensibilityGlobals) = postSolution
		SolutionGuid = {1A86EBE0-3CA5-46CD-BAAB-1044867ED54C}
	EndGlobalSection
EndGlobal
